
Microsoft Visual Studio Solution File, Format Version 12.00
# Visual Studio Version 16
VisualStudioVersion = 16.0.31025.194
MinimumVisualStudioVersion = 10.0.40219.1
Project("{FAE04EC0-301F-11D3-BF4B-00C04F79EFBC}") = "CustomerManagement", "CustomerManagement\CustomerManagement.csproj", "{06056069-F431-4131-8423-1ACC0ACF8502}"
EndProject
Global
	GlobalSection(SolutionConfigurationPlatforms) = preSolution
		Debug|Any CPU = Debug|Any CPU
		Release|Any CPU = Release|Any CPU
	EndGlobalSection
	GlobalSection(ProjectConfigurationPlatforms) = postSolution
		{06056069-F431-4131-8423-1ACC0ACF8502}.Debug|Any CPU.ActiveCfg = Debug|Any CPU
		{06056069-F431-4131-8423-1ACC0ACF8502}.Debug|Any CPU.Build.0 = Debug|Any CPU
		{06056069-F431-4131-8423-1ACC0ACF8502}.Release|Any CPU.ActiveCfg = Release|Any CPU
		{06056069-F431-4131-8423-1ACC0ACF8502}.Release|Any CPU.Build.0 = Release|Any CPU
	EndGlobalSection
	GlobalSection(SolutionProperties) = preSolution
		HideSolutionNode = FALSE
	EndGlobalSection
	GlobalSection(ExtensibilityGlobals) = postSolution
		SolutionGuid = {1C530D68-872E-4894-952B-611D1FD3C3C9}
	EndGlobalSection
EndGlobal
